
Microsoft Visual Studio Solution File, Format Version 12.00
# Visual Studio Version 16
VisualStudioVersion = 16.0.31229.75
MinimumVisualStudioVersion = 10.0.40219.1
Project("{FAE04EC0-301F-11D3-BF4B-00C04F79EFBC}") = "ChallengeOne_Console", "GoldBadgeConsoleAppChallenges\ChallengeOne_Console.csproj", "{F97C9F85-14AB-4A65-87B8-023671501D51}"
EndProject
Project("{FAE04EC0-301F-11D3-BF4B-00C04F79EFBC}") = "ChallengeOne_Repository", "ChallengeOne.Repository\ChallengeOne_Repository.csproj", "{E855DBF8-9BED-458D-909C-335E92E47CD5}"
EndProject
Project("{FAE04EC0-301F-11D3-BF4B-00C04F79EFBC}") = "ChallengeOne_Test", "ConsoleOne.Test\ChallengeOne_Test.csproj", "{B820935D-9874-414D-A898-800BEF5A5BD3}"
EndProject
Project("{FAE04EC0-301F-11D3-BF4B-00C04F79EFBC}") = "ChallengeTwo_Console", "ChallengeTwo.Console\ChallengeTwo_Console.csproj", "{30ADC7BD-42CD-403C-A5C6-B091D758523A}"
EndProject
Project("{FAE04EC0-301F-11D3-BF4B-00C04F79EFBC}") = "ChallengeTwo_Repository", "ChallengeTwo.Repository\ChallengeTwo_Repository.csproj", "{9328B9D5-B06F-4556-B3F7-197F43FA7973}"
EndProject
Project("{FAE04EC0-301F-11D3-BF4B-00C04F79EFBC}") = "ChallengeTwo_Test", "ChallengeTwo.Test\ChallengeTwo_Test.csproj", "{9C4D73E0-C5EE-4908-A849-28F4BE0CC138}"
EndProject
Project("{FAE04EC0-301F-11D3-BF4B-00C04F79EFBC}") = "ChallengeThree_Console", "ChallengeThree_Console\ChallengeThree_Console.csproj", "{B1AEBC99-422F-42CF-AD55-3D633363176A}"
EndProject
Project("{FAE04EC0-301F-11D3-BF4B-00C04F79EFBC}") = "ChallengeThree_Repository", "ChallengeThree_Repository\ChallengeThree_Repository.csproj", "{151B2CE5-81D8-461C-A6FF-29E4C87A3287}"
EndProject
Project("{FAE04EC0-301F-11D3-BF4B-00C04F79EFBC}") = "ChallengeThree_Test", "ChallengeThree_Test\ChallengeThree_Test.csproj", "{8067E0B2-3420-4637-BB64-70BB6082B3D4}"
EndProject
Global
	GlobalSection(SolutionConfigurationPlatforms) = preSolution
		Debug|Any CPU = Debug|Any CPU
		Release|Any CPU = Release|Any CPU
	EndGlobalSection
	GlobalSection(ProjectConfigurationPlatforms) = postSolution
		{F97C9F85-14AB-4A65-87B8-023671501D51}.Debug|Any CPU.ActiveCfg = Debug|Any CPU
		{F97C9F85-14AB-4A65-87B8-023671501D51}.Debug|Any CPU.Build.0 = Debug|Any CPU
		{F97C9F85-14AB-4A65-87B8-023671501D51}.Release|Any CPU.ActiveCfg = Release|Any CPU
		{F97C9F85-14AB-4A65-87B8-023671501D51}.Release|Any CPU.Build.0 = Release|Any CPU
		{E855DBF8-9BED-458D-909C-335E92E47CD5}.Debug|Any CPU.ActiveCfg = Debug|Any CPU
		{E855DBF8-9BED-458D-909C-335E92E47CD5}.Debug|Any CPU.Build.0 = Debug|Any CPU
		{E855DBF8-9BED-458D-909C-335E92E47CD5}.Release|Any CPU.ActiveCfg = Release|Any CPU
		{E855DBF8-9BED-458D-909C-335E92E47CD5}.Release|Any CPU.Build.0 = Release|Any CPU
		{B820935D-9874-414D-A898-800BEF5A5BD3}.Debug|Any CPU.ActiveCfg = Debug|Any CPU
		{B820935D-9874-414D-A898-800BEF5A5BD3}.Debug|Any CPU.Build.0 = Debug|Any CPU
		{B820935D-9874-414D-A898-800BEF5A5BD3}.Release|Any CPU.ActiveCfg = Release|Any CPU
		{B820935D-9874-414D-A898-800BEF5A5BD3}.Release|Any CPU.Build.0 = Release|Any CPU
		{30ADC7BD-42CD-403C-A5C6-B091D758523A}.Debug|Any CPU.ActiveCfg = Debug|Any CPU
		{30ADC7BD-42CD-403C-A5C6-B091D758523A}.Debug|Any CPU.Build.0 = Debug|Any CPU
		{30ADC7BD-42CD-403C-A5C6-B091D758523A}.Release|Any CPU.ActiveCfg = Release|Any CPU
		{30ADC7BD-42CD-403C-A5C6-B091D758523A}.Release|Any CPU.Build.0 = Release|Any CPU
		{9328B9D5-B06F-4556-B3F7-197F43FA7973}.Debug|Any CPU.ActiveCfg = Debug|Any CPU
		{9328B9D5-B06F-4556-B3F7-197F43FA7973}.Debug|Any CPU.Build.0 = Debug|Any CPU
		{9328B9D5-B06F-4556-B3F7-197F43FA7973}.Release|Any CPU.ActiveCfg = Release|Any CPU
		{9328B9D5-B06F-4556-B3F7-197F43FA7973}.Release|Any CPU.Build.0 = Release|Any CPU
		{9C4D73E0-C5EE-4908-A849-28F4BE0CC138}.Debug|Any CPU.ActiveCfg = Debug|Any CPU
		{9C4D73E0-C5EE-4908-A849-28F4BE0CC138}.Debug|Any CPU.Build.0 = Debug|Any CPU
		{9C4D73E0-C5EE-4908-A849-28F4BE0CC138}.Release|Any CPU.ActiveCfg = Release|Any CPU
		{9C4D73E0-C5EE-4908-A849-28F4BE0CC138}.Release|Any CPU.Build.0 = Release|Any CPU
		{B1AEBC99-422F-42CF-AD55-3D633363176A}.Debug|Any CPU.ActiveCfg = Debug|Any CPU
		{B1AEBC99-422F-42CF-AD55-3D633363176A}.Debug|Any CPU.Build.0 = Debug|Any CPU
		{B1AEBC99-422F-42CF-AD55-3D633363176A}.Release|Any CPU.ActiveCfg = Release|Any CPU
		{B1AEBC99-422F-42CF-AD55-3D633363176A}.Release|Any CPU.Build.0 = Release|Any CPU
		{151B2CE5-81D8-461C-A6FF-29E4C87A3287}.Debug|Any CPU.ActiveCfg = Debug|Any CPU
		{151B2CE5-81D8-461C-A6FF-29E4C87A3287}.Debug|Any CPU.Build.0 = Debug|Any CPU
		{151B2CE5-81D8-461C-A6FF-29E4C87A3287}.Release|Any CPU.ActiveCfg = Release|Any CPU
		{151B2CE5-81D8-461C-A6FF-29E4C87A3287}.Release|Any CPU.Build.0 = Release|Any CPU
		{8067E0B2-3420-4637-BB64-70BB6082B3D4}.Debug|Any CPU.ActiveCfg = Debug|Any CPU
		{8067E0B2-3420-4637-BB64-70BB6082B3D4}.Debug|Any CPU.Build.0 = Debug|Any CPU
		{8067E0B2-3420-4637-BB64-70BB6082B3D4}.Release|Any CPU.ActiveCfg = Release|Any CPU
		{8067E0B2-3420-4637-BB64-70BB6082B3D4}.Release|Any CPU.Build.0 = Release|Any CPU
	EndGlobalSection
	GlobalSection(SolutionProperties) = preSolution
		HideSolutionNode = FALSE
	EndGlobalSection
	GlobalSection(ExtensibilityGlobals) = postSolution
		SolutionGuid = {BE22D568-160D-4C7E-B5FF-490A85242FA7}
	EndGlobalSection
EndGlobal
